
Microsoft Visual Studio Solution File, Format Version 12.00
# Visual Studio Version 17
VisualStudioVersion = 17.2.32616.157
MinimumVisualStudioVersion = 10.0.40219.1
Project("{8BC9CEB8-8B4A-11D0-8D11-00A0C91BC942}") = "Battlehub.LoadImage", "Battlehub.LoadImage\Battlehub.LoadImage.vcxproj", "{5DC841FA-691A-4942-B101-1DAF89B4D8F9}"
EndProject
Global
	GlobalSection(SolutionConfigurationPlatforms) = preSolution
		Debug|x64 = Debug|x64
		Debug|x86 = Debug|x86
		Release|x64 = Release|x64
		Release|x86 = Release|x86
	EndGlobalSection
	GlobalSection(ProjectConfigurationPlatforms) = postSolution
		{5DC841FA-691A-4942-B101-1DAF89B4D8F9}.Debug|x64.ActiveCfg = Debug|x64
		{5DC841FA-691A-4942-B101-1DAF89B4D8F9}.Debug|x64.Build.0 = Debug|x64
		{5DC841FA-691A-4942-B101-1DAF89B4D8F9}.Debug|x86.ActiveCfg = Debug|Win32
		{5DC841FA-691A-4942-B101-1DAF89B4D8F9}.Debug|x86.Build.0 = Debug|Win32
		{5DC841FA-691A-4942-B101-1DAF89B4D8F9}.Release|x64.ActiveCfg = Release|x64
		{5DC841FA-691A-4942-B101-1DAF89B4D8F9}.Release|x64.Build.0 = Release|x64
		{5DC841FA-691A-4942-B101-1DAF89B4D8F9}.Release|x86.ActiveCfg = Release|Win32
		{5DC841FA-691A-4942-B101-1DAF89B4D8F9}.Release|x86.Build.0 = Release|Win32
	EndGlobalSection
	GlobalSection(SolutionProperties) = preSolution
		HideSolutionNode = FALSE
	EndGlobalSection
	GlobalSection(ExtensibilityGlobals) = postSolution
		SolutionGuid = {3E58187F-98E0-4106-A3D5-9A8EB0C2D8C6}
	EndGlobalSection
EndGlobal
